
Microsoft Visual Studio Solution File, Format Version 12.00
# SQL Server Management Studio Version 21
VisualStudioVersion = 17.14.36603.0
MinimumVisualStudioVersion = 10.0.40219.1
Project("{4F2E2C19-372F-40D8-9FA7-9D2138C6997A}") = "Com5600_Grupo01", "Com5600_Grupo01\Com5600_Grupo01.ssmssqlproj", "{94D6B9EB-8FC1-46D3-CE52-92C3C81A310E}"
EndProject
Global
	GlobalSection(SolutionConfigurationPlatforms) = preSolution
		Default|Default = Default|Default
	EndGlobalSection
	GlobalSection(ProjectConfigurationPlatforms) = postSolution
		{94D6B9EB-8FC1-46D3-CE52-92C3C81A310E}.Default|Default.ActiveCfg = Default
		{BA581F24-6720-4650-96EF-A2A6CA577E25}.Default|Default.ActiveCfg = Default
	EndGlobalSection
	GlobalSection(SolutionProperties) = preSolution
		HideSolutionNode = FALSE
	EndGlobalSection
	GlobalSection(ExtensibilityGlobals) = postSolution
		SolutionGuid = {F2C4141E-ECCE-4722-B8A8-B26868FD8CB7}
	EndGlobalSection
EndGlobal
