
Microsoft Visual Studio Solution File, Format Version 12.00
# SQL Server Management Studio Version 21
VisualStudioVersion = 17.14.36603.0
MinimumVisualStudioVersion = 10.0.40219.1
Project("{4F2E2C19-372F-40D8-9FA7-9D2138C6997A}") = "com5600_01", "com5600_01\com5600_01.ssmssqlproj", "{987444F4-C6B2-941C-ED11-3C6906DCBB95}"
EndProject
Global
	GlobalSection(SolutionConfigurationPlatforms) = preSolution
		Default|Default = Default|Default
	EndGlobalSection
	GlobalSection(ProjectConfigurationPlatforms) = postSolution
		{987444F4-C6B2-941C-ED11-3C6906DCBB95}.Default|Default.ActiveCfg = Default
		{7B7D74F2-946C-4054-9D71-E9CF1E259188}.Default|Default.ActiveCfg = Default
	EndGlobalSection
	GlobalSection(SolutionProperties) = preSolution
		HideSolutionNode = FALSE
	EndGlobalSection
	GlobalSection(ExtensibilityGlobals) = postSolution
		SolutionGuid = {BC420112-48F6-4A47-B768-9394766D4574}
	EndGlobalSection
EndGlobal
